
Microsoft Visual Studio Solution File, Format Version 12.00
# Visual Studio Version 17
VisualStudioVersion = 17.1.32414.318
MinimumVisualStudioVersion = 10.0.40219.1
Project("{2150E333-8FDC-42A3-9474-1A3956D46DE8}") = "src", "src", "{3E47DC87-7A05-4903-BB9D-067089C80181}"
EndProject
Project("{2150E333-8FDC-42A3-9474-1A3956D46DE8}") = "tests", "tests", "{38805FB3-D5D5-4747-BB05-B799096615FE}"
EndProject
Project("{2150E333-8FDC-42A3-9474-1A3956D46DE8}") = "API", "API", "{547CFA1B-E826-4F1B-BC36-F7C638465A45}"
EndProject
Project("{2150E333-8FDC-42A3-9474-1A3956D46DE8}") = "Core", "Core", "{3D7CFFD9-C875-4176-AF9F-41CA0F42CED8}"
EndProject
Project("{2150E333-8FDC-42A3-9474-1A3956D46DE8}") = "Infrastructure", "Infrastructure", "{B943BAC5-A593-42DC-9757-24B2CC1EFBBF}"
EndProject
Project("{2150E333-8FDC-42A3-9474-1A3956D46DE8}") = "UI", "UI", "{2A74C953-7218-4B79-84C9-57FF866F7E3D}"
EndProject
Project("{9A19103F-16F7-4668-BE54-9A1E7A4F7556}") = "HR.LeaveManagement.Domain", "HR.LeaveManagement.Domain\HR.LeaveManagement.Domain.csproj", "{9C27F9E7-2BA4-427A-87DC-1A1021F713F7}"
EndProject
Project("{9A19103F-16F7-4668-BE54-9A1E7A4F7556}") = "HR.LeaveManagement.Application", "HR.LeaveManagement.Application\HR.LeaveManagement.Application.csproj", "{455797A3-B606-466F-9C57-413FB7C93DAB}"
EndProject
Project("{9A19103F-16F7-4668-BE54-9A1E7A4F7556}") = "HR.LeaveManagement.Infrastructure", "HR.LeaveManagement.Infrastructure\HR.LeaveManagement.Infrastructure.csproj", "{77F9FF9A-BF9D-48F6-8F7A-2C86055A6F09}"
EndProject
Project("{9A19103F-16F7-4668-BE54-9A1E7A4F7556}") = "HR.LeaveManagement.Persistence", "HR.LeaveManagement.Persistence\HR.LeaveManagement.Persistence.csproj", "{7544FE96-5E4D-4C7F-A046-B2C65465D296}"
EndProject
Project("{9A19103F-16F7-4668-BE54-9A1E7A4F7556}") = "HR.LeaveManagement.Api", "HR.LeaveManagement.Api\HR.LeaveManagement.Api.csproj", "{4B67A5CB-F5FE-4BB2-853D-865A6BC83F6A}"
EndProject
Project("{9A19103F-16F7-4668-BE54-9A1E7A4F7556}") = "HR.LeaveManagementApplication.UnitTests", "HR.LeaveManagementApplication.UnitTests\HR.LeaveManagementApplication.UnitTests.csproj", "{82861C16-830B-4D0D-9558-8FF1A9CAE21D}"
EndProject
Project("{9A19103F-16F7-4668-BE54-9A1E7A4F7556}") = "HR.LeaveManagement.MVC", "HR.LeaveManagement.MVC\HR.LeaveManagement.MVC.csproj", "{7ED1E6B1-A6CE-4958-9EA9-E7AFC1B61B59}"
EndProject
Project("{FAE04EC0-301F-11D3-BF4B-00C04F79EFBC}") = "HR.LeaveManagement.Identity", "HR.LeaveManagement.Identity\HR.LeaveManagement.Identity.csproj", "{EA668B27-2398-40A5-99C6-3F1017E8E095}"
EndProject
Global
	GlobalSection(SolutionConfigurationPlatforms) = preSolution
		Debug|Any CPU = Debug|Any CPU
		Release|Any CPU = Release|Any CPU
	EndGlobalSection
	GlobalSection(ProjectConfigurationPlatforms) = postSolution
		{9C27F9E7-2BA4-427A-87DC-1A1021F713F7}.Debug|Any CPU.ActiveCfg = Debug|Any CPU
		{9C27F9E7-2BA4-427A-87DC-1A1021F713F7}.Debug|Any CPU.Build.0 = Debug|Any CPU
		{9C27F9E7-2BA4-427A-87DC-1A1021F713F7}.Release|Any CPU.ActiveCfg = Release|Any CPU
		{9C27F9E7-2BA4-427A-87DC-1A1021F713F7}.Release|Any CPU.Build.0 = Release|Any CPU
		{455797A3-B606-466F-9C57-413FB7C93DAB}.Debug|Any CPU.ActiveCfg = Debug|Any CPU
		{455797A3-B606-466F-9C57-413FB7C93DAB}.Debug|Any CPU.Build.0 = Debug|Any CPU
		{455797A3-B606-466F-9C57-413FB7C93DAB}.Release|Any CPU.ActiveCfg = Release|Any CPU
		{455797A3-B606-466F-9C57-413FB7C93DAB}.Release|Any CPU.Build.0 = Release|Any CPU
		{77F9FF9A-BF9D-48F6-8F7A-2C86055A6F09}.Debug|Any CPU.ActiveCfg = Debug|Any CPU
		{77F9FF9A-BF9D-48F6-8F7A-2C86055A6F09}.Debug|Any CPU.Build.0 = Debug|Any CPU
		{77F9FF9A-BF9D-48F6-8F7A-2C86055A6F09}.Release|Any CPU.ActiveCfg = Release|Any CPU
		{77F9FF9A-BF9D-48F6-8F7A-2C86055A6F09}.Release|Any CPU.Build.0 = Release|Any CPU
		{7544FE96-5E4D-4C7F-A046-B2C65465D296}.Debug|Any CPU.ActiveCfg = Debug|Any CPU
		{7544FE96-5E4D-4C7F-A046-B2C65465D296}.Debug|Any CPU.Build.0 = Debug|Any CPU
		{7544FE96-5E4D-4C7F-A046-B2C65465D296}.Release|Any CPU.ActiveCfg = Release|Any CPU
		{7544FE96-5E4D-4C7F-A046-B2C65465D296}.Release|Any CPU.Build.0 = Release|Any CPU
		{4B67A5CB-F5FE-4BB2-853D-865A6BC83F6A}.Debug|Any CPU.ActiveCfg = Debug|Any CPU
		{4B67A5CB-F5FE-4BB2-853D-865A6BC83F6A}.Debug|Any CPU.Build.0 = Debug|Any CPU
		{4B67A5CB-F5FE-4BB2-853D-865A6BC83F6A}.Release|Any CPU.ActiveCfg = Release|Any CPU
		{4B67A5CB-F5FE-4BB2-853D-865A6BC83F6A}.Release|Any CPU.Build.0 = Release|Any CPU
		{82861C16-830B-4D0D-9558-8FF1A9CAE21D}.Debug|Any CPU.ActiveCfg = Debug|Any CPU
		{82861C16-830B-4D0D-9558-8FF1A9CAE21D}.Debug|Any CPU.Build.0 = Debug|Any CPU
		{82861C16-830B-4D0D-9558-8FF1A9CAE21D}.Release|Any CPU.ActiveCfg = Release|Any CPU
		{82861C16-830B-4D0D-9558-8FF1A9CAE21D}.Release|Any CPU.Build.0 = Release|Any CPU
		{7ED1E6B1-A6CE-4958-9EA9-E7AFC1B61B59}.Debug|Any CPU.ActiveCfg = Debug|Any CPU
		{7ED1E6B1-A6CE-4958-9EA9-E7AFC1B61B59}.Debug|Any CPU.Build.0 = Debug|Any CPU
		{7ED1E6B1-A6CE-4958-9EA9-E7AFC1B61B59}.Release|Any CPU.ActiveCfg = Release|Any CPU
		{7ED1E6B1-A6CE-4958-9EA9-E7AFC1B61B59}.Release|Any CPU.Build.0 = Release|Any CPU
		{EA668B27-2398-40A5-99C6-3F1017E8E095}.Debug|Any CPU.ActiveCfg = Debug|Any CPU
		{EA668B27-2398-40A5-99C6-3F1017E8E095}.Debug|Any CPU.Build.0 = Debug|Any CPU
		{EA668B27-2398-40A5-99C6-3F1017E8E095}.Release|Any CPU.ActiveCfg = Release|Any CPU
		{EA668B27-2398-40A5-99C6-3F1017E8E095}.Release|Any CPU.Build.0 = Release|Any CPU
	EndGlobalSection
	GlobalSection(SolutionProperties) = preSolution
		HideSolutionNode = FALSE
	EndGlobalSection
	GlobalSection(NestedProjects) = preSolution
		{547CFA1B-E826-4F1B-BC36-F7C638465A45} = {3E47DC87-7A05-4903-BB9D-067089C80181}
		{3D7CFFD9-C875-4176-AF9F-41CA0F42CED8} = {3E47DC87-7A05-4903-BB9D-067089C80181}
		{B943BAC5-A593-42DC-9757-24B2CC1EFBBF} = {3E47DC87-7A05-4903-BB9D-067089C80181}
		{2A74C953-7218-4B79-84C9-57FF866F7E3D} = {3E47DC87-7A05-4903-BB9D-067089C80181}
		{9C27F9E7-2BA4-427A-87DC-1A1021F713F7} = {3D7CFFD9-C875-4176-AF9F-41CA0F42CED8}
		{455797A3-B606-466F-9C57-413FB7C93DAB} = {3D7CFFD9-C875-4176-AF9F-41CA0F42CED8}
		{77F9FF9A-BF9D-48F6-8F7A-2C86055A6F09} = {B943BAC5-A593-42DC-9757-24B2CC1EFBBF}
		{7544FE96-5E4D-4C7F-A046-B2C65465D296} = {B943BAC5-A593-42DC-9757-24B2CC1EFBBF}
		{4B67A5CB-F5FE-4BB2-853D-865A6BC83F6A} = {547CFA1B-E826-4F1B-BC36-F7C638465A45}
		{82861C16-830B-4D0D-9558-8FF1A9CAE21D} = {38805FB3-D5D5-4747-BB05-B799096615FE}
		{7ED1E6B1-A6CE-4958-9EA9-E7AFC1B61B59} = {2A74C953-7218-4B79-84C9-57FF866F7E3D}
		{EA668B27-2398-40A5-99C6-3F1017E8E095} = {B943BAC5-A593-42DC-9757-24B2CC1EFBBF}
	EndGlobalSection
	GlobalSection(ExtensibilityGlobals) = postSolution
		SolutionGuid = {CD0D2875-013C-49B6-8AE8-F4FB344DAD8E}
	EndGlobalSection
EndGlobal
